dependencies:
- name: memcached
  repository: oci://registry-1.docker.io/bitnamicharts
  version: 6.12.1
- name: redis
  repository: oci://registry-1.docker.io/bitnamicharts
  version: 17.11.3
- name: kafka
  repository: oci://registry-1.docker.io/bitnamicharts
  version: 23.0.7
- name: clickhouse
  repository: https://sentry-kubernetes.github.io/charts
  version: 3.7.0
- name: zookeeper
  repository: oci://registry-1.docker.io/bitnamicharts
  version: 11.4.11
- name: rabbitmq
  repository: oci://registry-1.docker.io/bitnamicharts
  version: 11.16.2
- name: postgresql
  repository: oci://registry-1.docker.io/bitnamicharts
  version: 12.5.1
- name: nginx
  repository: oci://registry-1.docker.io/bitnamicharts
  version: 14.2.2
digest: sha256:9dcafa674994c6de339fa3f414ece3b4e3d0eb4307ba0b9baaa475e5bd3ef9e9
generated: "2024-02-21T18:28:23.130000882Z"
